
Microsoft Visual Studio Solution File, Format Version 12.00
# Visual Studio Version 17
VisualStudioVersion = 17.11.35327.3
MinimumVisualStudioVersion = 10.0.40219.1
Project("{FAE04EC0-301F-11D3-BF4B-00C04F79EFBC}") = "CustomTypes", "CustomTypes\CustomTypes.csproj", "{8FCB8474-671E-469B-89E5-0FCB82ECE187}"
EndProject
Project("{FAE04EC0-301F-11D3-BF4B-00C04F79EFBC}") = "TypeHelperExperiment", "TypeHelperExperiment\TypeHelperExperiment.csproj", "{C74F9139-B704-4E92-9916-B8ADA39FC68A}"
EndProject
Project("{FAE04EC0-301F-11D3-BF4B-00C04F79EFBC}") = "UnitTests", "UnitTests\UnitTests.csproj", "{F5087CBE-5907-4DA8-9D36-2F63FB8C2B57}"
EndProject
Global
	GlobalSection(SolutionConfigurationPlatforms) = preSolution
		Debug|Any CPU = Debug|Any CPU
		Release|Any CPU = Release|Any CPU
	EndGlobalSection
	GlobalSection(ProjectConfigurationPlatforms) = postSolution
		{8FCB8474-671E-469B-89E5-0FCB82ECE187}.Debug|Any CPU.ActiveCfg = Debug|Any CPU
		{8FCB8474-671E-469B-89E5-0FCB82ECE187}.Debug|Any CPU.Build.0 = Debug|Any CPU
		{8FCB8474-671E-469B-89E5-0FCB82ECE187}.Release|Any CPU.ActiveCfg = Release|Any CPU
		{8FCB8474-671E-469B-89E5-0FCB82ECE187}.Release|Any CPU.Build.0 = Release|Any CPU
		{C74F9139-B704-4E92-9916-B8ADA39FC68A}.Debug|Any CPU.ActiveCfg = Debug|Any CPU
		{C74F9139-B704-4E92-9916-B8ADA39FC68A}.Debug|Any CPU.Build.0 = Debug|Any CPU
		{C74F9139-B704-4E92-9916-B8ADA39FC68A}.Release|Any CPU.ActiveCfg = Release|Any CPU
		{C74F9139-B704-4E92-9916-B8ADA39FC68A}.Release|Any CPU.Build.0 = Release|Any CPU
		{F5087CBE-5907-4DA8-9D36-2F63FB8C2B57}.Debug|Any CPU.ActiveCfg = Debug|Any CPU
		{F5087CBE-5907-4DA8-9D36-2F63FB8C2B57}.Debug|Any CPU.Build.0 = Debug|Any CPU
		{F5087CBE-5907-4DA8-9D36-2F63FB8C2B57}.Release|Any CPU.ActiveCfg = Release|Any CPU
		{F5087CBE-5907-4DA8-9D36-2F63FB8C2B57}.Release|Any CPU.Build.0 = Release|Any CPU
	EndGlobalSection
	GlobalSection(SolutionProperties) = preSolution
		HideSolutionNode = FALSE
	EndGlobalSection
	GlobalSection(ExtensibilityGlobals) = postSolution
		SolutionGuid = {B0F792BD-73D4-4CAD-A0CB-6E7291D0D873}
	EndGlobalSection
EndGlobal
